github.com/davecgh/go-spew v1.1.1 h1:vj9j/u1bqnvCEfJOwUhtlOARqs3+rkHYY13jYWTU97c=
github.com/davecgh/go-spew v1.1.1/go.mod h1:J7Y8YcW2NihsgmVo/mv3lAwl/skON4iLHjSsI+c5H38=
github.com/dgrijalva/jwt-go v3.2.0+incompatible/go.mod h1:E3ru+11k8xSBh+hMPgOLZmtrrCbhqsmaPHjLKYnJCaQ=
github.com/fsnotify/fsnotify v1.4.9 h1:hsms1Qyu0jgnwNXIxa+/V/PDsU6CfLf6CNO8H7IWoS4=
github.com/fsnotify/fsnotify v1.4.9/go.mod h1:znqG4EE+3YCdAaPaxE2ZRY/06pZUdp0tY4IgpuI1SZQ=
github.com/go-fsnotify/fsnotify v0.0.0-20180321022601-755488143dae/go.mod h1:BbhqyaehKPCLD83cqfRYdm177Ylm1cdGHu3txjbQSQI=
github.com/google/uuid v1.1.5 h1:kxhtnfFVi+rYdOALN0B3k9UT86zVJKfBimRaciULW4I=
github.com/google/uuid v1.1.5/go.mod h1:TIyPZe4MgqvfeYDBFedMoGGpEw/LqOeaOT+nhxU+yHo=
github.com/hashicorp/go-cleanhttp v0.5.1 h1:dH3aiDG9Jvb5r5+bYHsikaOUIpcM0xvgMXVoDkXMzJM=
github.com/hashicorp/go-cleanhttp v0.5.1/go.mod h1:JpRdi6/HCYpAwUzNwuwqhbovhLtngrth3wmdIIUrZ80=
github.com/hashicorp/go-hclog v0.9.2/go.mod h1:5CU+agLiy3J7N7QjHK5d05KxGsuXiQLrjA0H7acj2lQ=
github.com/hashicorp/go-retryablehttp v0.6.8 h1:92lWxgpa+fF3FozM4B3UZtHZMJX8T5XT+TFdCxsPyWs=
github.com/hashicorp/go-retryablehttp v0.6.8/go.mod h1:vAew36LZh98gCBJNLH42IQ1ER/9wtLZZ8meHqQvEYWY=
github.com/magefile/mage v1.10.0 h1:3HiXzCUY12kh9bIuyXShaVe529fJfyqoVM42o/uom2g=
github.com/magefile/mage v1.10.0/go.mod h1:z5UZb/iS3GoOSn0JgWuiw7dxlurVYTu+/jHXqQg881A=
github.com/magefile/mage v1.11.0 h1:C/55Ywp9BpgVVclD3lRnSYCwXTYxmSppIgLeDYlNuls=
github.com/magefile/mage v1.11.0/go.mod h1:z5UZb/iS3GoOSn0JgWuiw7dxlurVYTu+/jHXqQg881A=
github.com/mailway-app/config v0.0.0-20210121223234-08f805d23114 h1:RXJSaD0/xMWOlJbjXt1QOclg14mMDEotQxNaBez9XNk=
github.com/mailway-app/config v0.0.0-20210121223234-08f805d23114/go.mod h1:7Uxyjt0aFj34+PEBfhaPGomhPav4UKbtCD6J9z17sz4=
github.com/mailway-app/config v0.0.0-20210121223557-78a03ec5f59a h1:vWhExg2TLyblno5UI8XX3Bkm0M3b7eI/26U3FcDTpM4=
github.com/mailway-app/config v0.0.0-20210121223557-78a03ec5f59a/go.mod h1:7Uxyjt0aFj34+PEBfhaPGomhPav4UKbtCD6J9z17sz4=
github.com/mailway-app/config v0.0.0-20210121225025-7cbdff540c0c h1:GdXYKuue3Z0xmicJUE9LChaEiY6nw8/d6oGJ03I8QxE=
github.com/mailway-app/config v0.0.0-20210121225025-7cbdff540c0c/go.mod h1:7Uxyjt0aFj34+PEBfhaPGomhPav4UKbtCD6J9z17sz4=
github.com/mailway-app/config v0.0.0-20210124184150-485238e4123e h1:Vda0VmMXsktMhrg3crcg8RQoJ9aLcM7RsWbThi5SmCs=
github.com/mailway-app/config v0.0.0-20210124184150-485238e4123e/go.mod h1:7Uxyjt0aFj34+PEBfhaPGomhPav4UKbtCD6J9z17sz4=
github.com/mailway-app/config v0.0.0-20210126225351-cc4d9569a9b1 h1:GiWB/TYifhCpmt+erc+lSKOnZ+9oUAsLG9UDmKlo5z0=
github.com/mailway-app/config v0.0.0-20210126225351-cc4d9569a9b1/go.mod h1:7Uxyjt0aFj34+PEBfhaPGomhPav4UKbtCD6J9z17sz4=
github.com/mailway-app/config v0.0.0-20210131161027-17737b0f1d0c h1:Cg2CwynkGHBPPtyGcLIL5J3zM+rEejx4Wex17oid1Uk=
github.com/mailway-app/config v0.0.0-20210131161027-17737b0f1d0c/go.mod h1:gjmRcvcb1UaRgtEMyfASF1XDXB2t0AFNKK+fJ8xM3NQ=
github.com/mailway-app/config v0.0.0-20210210124901-97b8854bc2f8 h1:eYTaM/vRpdpRiZ45OXSJzAtbOdpzgqQCIiRswqvxRmQ=
github.com/mailway-app/config v0.0.0-20210210124901-97b8854bc2f8/go.mod h1:gjmRcvcb1UaRgtEMyfASF1XDXB2t0AFNKK+fJ8xM3NQ=
github.com/mailway-app/config v0.0.0-20210213002821-a5992221b618 h1:cgnV6EwmlU2l93LfIAjZXpXGMFfAW4WQ9atvQg01O7A=
github.com/mailway-app/config v0.0.0-20210213002821-a5992221b618/go.mod h1:gjmRcvcb1UaRgtEMyfASF1XDXB2t0AFNKK+fJ8xM3NQ=
github.com/mailway-app/config v0.0.0-20210213002949-a2634c908c78 h1:/ZiPk8qhRrArSf/fo2WnYUUWg7w4RzezxCO03TkgvGc=
github.com/mailway-app/config v0.0.0-20210213002949-a2634c908c78/go.mod h1:gjmRcvcb1UaRgtEMyfASF1XDXB2t0AFNKK+fJ8xM3NQ=
github.com/mailway-app/config v0.0.0-20210213003259-bcec46d5a56a h1:6/ZVg+tr7OUt2aMExqSfxcIaTlIon0l4U/rRfcmUrKs=
github.com/mailway-app/config v0.0.0-20210213003259-bcec46d5a56a/go.mod h1:gjmRcvcb1UaRgtEMyfASF1XDXB2t0AFNKK+fJ8xM3NQ=
github.com/mailway-app/config v0.0.0-20210213003639-e697b1dd86fb h1:7v/VrATGd2TJiynVv6DaQXrh1RV7NbU24SLRb72mzts=
github.com/mailway-app/config v0.0.0-20210213003639-e697b1dd86fb/go.mod h1:gjmRcvcb1UaRgtEMyfASF1XDXB2t0AFNKK+fJ8xM3NQ=
github.com/mailway-app/config v0.0.0-20210214123043-7f97a2eba919 h1:Lnf7VQQPK2HpzVXNy7j6r6UpYEfOu//eJVJ/8UzU9CQ=
github.com/mailway-app/config v0.0.0-20210214123043-7f97a2eba919/go.mod h1:wIptp9O+DqeKdh/SfCHLj1eg/nkDNugSGgn0JNY1ag8=
github.com/mailway-app/config v0.0.0-20210214123159-d6715b64f050 h1:KRbwdMnkQuiskTJxaE5QtidtrtaURemno3MChOatynE=
github.com/mailway-app/config v0.0.0-20210214123159-d6715b64f050/go.mod h1:wIptp9O+DqeKdh/SfCHLj1eg/nkDNugSGgn0JNY1ag8=
github.com/mailway-app/config v0.0.0-20210214140553-927a0becc70f h1:lql8PI9zpiAWI0rsqjJXZMDio15M6oHIDbdUUD0mV4c=
github.com/mailway-app/config v0.0.0-20210214140553-927a0becc70f/go.mod h1:wIptp9O+DqeKdh/SfCHLj1eg/nkDNugSGgn0JNY1ag8=
github.com/mailway-app/config v0.0.0-20210214141002-97518c07dd8c h1:skDDZbNDWbjDbZxleTOt2thP37s525kqscA8QW4KZCo=
github.com/mailway-app/config v0.0.0-20210214141002-97518c07dd8c/go.mod h1:wIptp9O+DqeKdh/SfCHLj1eg/nkDNugSGgn0JNY1ag8=
github.com/mailway-app/config v0.0.0-20210214141210-f6e72df12535 h1:xPjNdbLGwPOWRBrcKnx5yGt//pScO16k/3zrsD9k/pk=
github.com/mailway-app/config v0.0.0-20210214141210-f6e72df12535/go.mod h1:wIptp9O+DqeKdh/SfCHLj1eg/nkDNugSGgn0JNY1ag8=
github.com/mailway-app/config v0.0.0-20210214141353-30ec62840161 h1:CSs+8MqEj6saRcyw8teEKndzuOHI6UknFK7S/KZUKEM=
github.com/mailway-app/config v0.0.0-20210214141353-30ec62840161/go.mod h1:wIptp9O+DqeKdh/SfCHLj1eg/nkDNugSGgn0JNY1ag8=
github.com/mailway-app/config v0.0.0-20210214141538-7f041507e66b h1:zsFM+07emPxFhBe0TCN/J1+A54b5exKZgsoJ9wXGRRc=
github.com/mailway-app/config v0.0.0-20210214141538-7f041507e66b/go.mod h1:wIptp9O+DqeKdh/SfCHLj1eg/nkDNugSGgn0JNY1ag8=
github.com/mailway-app/config v0.0.0-20210214141724-fc9e8edc5684 h1:Lr87wY/+Rls3KOQ2HYtwmdnBawsuwVPwVzZ1skr60gk=
github.com/mailway-app/config v0.0.0-20210214141724-fc9e8edc5684/go.mod h1:wIptp9O+DqeKdh/SfCHLj1eg/nkDNugSGgn0JNY1ag8=
github.com/mailway-app/config v0.0.0-20210214145136-8a381a1ce901 h1:cP6LytSdHAszaO674+xQQUqUeZkgzNcpbpWjrYX4K9U=
github.com/mailway-app/config v0.0.0-20210214145136-8a381a1ce901/go.mod h1:wIptp9O+DqeKdh/SfCHLj1eg/nkDNugSGgn0JNY1ag8=
github.com/mailway-app/config v0.0.0-20210214183823-a092c8c3a426 h1:fDFA6ib0DesgWZRPV7AGOOCyvyVngiX8q522VKuGFOg=
github.com/mailway-app/config v0.0.0-20210214183823-a092c8c3a426/go.mod h1:wIptp9O+DqeKdh/SfCHLj1eg/nkDNugSGgn0JNY1ag8=
github.com/mailway-app/config v0.0.0-20210221175155-59f4d4fc9427 h1:rCK8C0SgA0gxGU1KIG0YTIU9ZY+KXCE4Lw63IE2wjbE=
github.com/mailway-app/config v0.0.0-20210221175155-59f4d4fc9427/go.mod h1:wIptp9O+DqeKdh/SfCHLj1eg/nkDNugSGgn0JNY1ag8=
github.com/mailway-app/config v0.0.0-20210221200854-0dd6be3aa05c h1:AlQPjXjpSq2tmVsmhd3Nd+NH50Sa++HmC6Ez4cWNYH4=
github.com/mailway-app/config v0.0.0-20210221200854-0dd6be3aa05c/go.mod h1:wIptp9O+DqeKdh/SfCHLj1eg/nkDNugSGgn0JNY1ag8=
github.com/mailway-app/config v0.0.0-20210224193706-8c6f9949472e h1:alOTjIV//am9Qn1KS1ysd0DD//rFRNkEF0lWjgYDR+w=
github.com/mailway-app/config v0.0.0-20210224193706-8c6f9949472e/go.mod h1:wIptp9O+DqeKdh/SfCHLj1eg/nkDNugSGgn0JNY1ag8=
github.com/mailway-app/golib v0.0.0-20210228113900-19f0fe62c463 h1:cKG9pC6LJQVJlwLDvW/TrEk22wDNpT61ev8QMNp6A/Y=
github.com/mailway-app/golib v0.0.0-20210228113900-19f0fe62c463/go.mod h1:0o1XC8AC4/jk0fqGTeOPPCMogSY8i062A5ZlWd4D6uU=
github.com/mailway-app/golib v0.0.0-20210228114024-d7bdf199e227 h1:i+TxiUpc7m4vzZwUG+sTqf93uPVtm/NW1NIGwBen5uM=
github.com/mailway-app/golib v0.0.0-20210228114024-d7bdf199e227/go.mod h1:0o1XC8AC4/jk0fqGTeOPPCMogSY8i062A5ZlWd4D6uU=
github.com/mailway-app/golib v0.0.0-20210228114125-ebf3924e7637 h1:0xDE2IxhsPGXS2WgU7vzWfcEVi7QMO1I+vzmagRbfv4=
github.com/mailway-app/golib v0.0.0-20210228114125-ebf3924e7637/go.mod h1:jJk/lh3AaUhLU1xSb89WgxO4kO2L2vReM+nQqBQNBZ8=
github.com/pkg/errors v0.9.1 h1:FEBLx1zS214owpjy7qsBeixbURkuhQAwrK5UwLGTwt4=
github.com/pkg/errors v0.9.1/go.mod h1:bwawxfHBFNV+L2hUp1rHADufV3IMtnDRdf1r5NINEl0=
github.com/pmezard/go-difflib v1.0.0 h1:4DBwDE0NGyQoBHbLQYPwSUPoCMWR5BEzIk/f1lZbAQM=
github.com/pmezard/go-difflib v1.0.0/go.mod h1:iKH77koFhYxTK1pcRnkKkqfTogsbg7gZNVY4sRDYZ/4=
github.com/sirupsen/logrus v1.7.0 h1:ShrD1U9pZB12TX0cVy0DtePoCH97K8EtX+mg7ZARUtM=
github.com/sirupsen/logrus v1.7.0/go.mod h1:yWOB1SBYBC5VeMP7gHvWumXLIWorT60ONWic61uBYv0=
github.com/sirupsen/logrus v1.8.0 h1:nfhvjKcUMhBMVqbKHJlk5RPrrfYr/NMo3692g0dwfWU=
github.com/sirupsen/logrus v1.8.0/go.mod h1:4GuYW9TZmE769R5STWrRakJc4UqQ3+QQ95fyz7ENv1A=
github.com/stretchr/testify v1.2.2 h1:bSDNvY7ZPG5RlJ8otE/7V6gMiyenm9RtJ7IUVIAoJ1w=
github.com/stretchr/testify v1.2.2/go.mod h1:a8OnRcib4nhh0OaRAV+Yts87kKdq0PP7pXfy6kDkUVs=
github.com/tidwall/match v1.0.3 h1:FQUVvBImDutD8wJLN6c5eMzWtjgONK9MwIBCOrUJKeE=
github.com/tidwall/match v1.0.3/go.mod h1:eRSPERbgtNPcGhD8UCthc6PmLEQXEWd3PRB5JTxsfmM=
golang.org/x/sys v0.0.0-20191005200804-aed5e4c7ecf9/go.mod h1:h1NjWce9XRLGQEsW7wpKNCjG9DtNlClVuFLEZdDNbEs=
golang.org/x/sys v0.0.0-20191026070338-33540a1f6037 h1:YyJpGZS1sBuBCzLAR1VEpK193GlqGZbnPFnPV/5Rsb4=
golang.org/x/sys v0.0.0-20191026070338-33540a1f6037/go.mod h1:h1NjWce9XRLGQEsW7wpKNCjG9DtNlClVuFLEZdDNbEs=
golang.org/x/sys v0.0.0-20210124154548-22da62e12c0c h1:VwygUrnw9jn88c4u8GD3rZQbqrP/tgas88tPUbBxQrk=
golang.org/x/sys v0.0.0-20210124154548-22da62e12c0c/go.mod h1:h1NjWce9XRLGQEsW7wpKNCjG9DtNlClVuFLEZdDNbEs=
golang.org/x/sys v0.0.0-20210220050731-9a76102bfb43 h1:SgQ6LNaYJU0JIuEHv9+s6EbhSCwYeAf5Yvj6lpYlqAE=
golang.org/x/sys v0.0.0-20210220050731-9a76102bfb43/go.mod h1:h1NjWce9XRLGQEsW7wpKNCjG9DtNlClVuFLEZdDNbEs=
golang.org/x/sys v0.0.0-20210223212115-eede4237b368 h1:fDE3p0qf2V1co1vfj3/o87Ps8Hq6QTGNxJ5Xe7xSp80=
golang.org/x/sys v0.0.0-20210223212115-eede4237b368/go.mod h1:h1NjWce9XRLGQEsW7wpKNCjG9DtNlClVuFLEZdDNbEs=
gopkg.in/check.v1 v0.0.0-20161208181325-20d25e280405/go.mod h1:Co6ibVJAznAaIkqp8huTwlJQCZ016jof/cbN4VW5Yz0=
gopkg.in/yaml.v2 v2.4.0 h1:D8xgwECY7CYvx+Y2n4sBz93Jn9JRvxdiyyo8CTfuKaY=
gopkg.in/yaml.v2 v2.4.0/go.mod h1:RDklbk79AGWmwhnvt/jBztapEOGDOx6ZbXqjP6csGnQ=
